
Microsoft Visual Studio Solution File, Format Version 12.00
# Visual Studio 15
VisualStudioVersion = 15.0.26228.64
MinimumVisualStudioVersion = 10.0.40219.1
Project("{8BC9CEB8-8B4A-11D0-8D11-00A0C91BC942}") = "sfml-project-base", "sfml-project-base\sfml-project-base.vcxproj", "{AF0D331C-A6C2-49DB-A6E6-6E6402F4E279}"
EndProject
Project("{8BC9CEB8-8B4A-11D0-8D11-00A0C91BC942}") = "sfml-audio", "dependencies\sfml\src\SFML\Audio\sfml-audio.vcxproj", "{E400FE86-C714-3582-8F87-C09891350C50}"
EndProject
Project("{2150E333-8FDC-42A3-9474-1A3956D46DE8}") = "contrib", "contrib", "{B239342B-70BD-40A6-B235-D585ACAD45E3}"
EndProject
Project("{2150E333-8FDC-42A3-9474-1A3956D46DE8}") = "SFML", "SFML", "{E47182C4-6FC2-4D61-84A7-64E7DCDA8B60}"
EndProject
Project("{8BC9CEB8-8B4A-11D0-8D11-00A0C91BC942}") = "sfml-graphics", "dependencies\sfml\src\SFML\Graphics\sfml-graphics.vcxproj", "{29A0B7BA-AC99-3CDD-9831-04CFC1E28C58}"
EndProject
Project("{8BC9CEB8-8B4A-11D0-8D11-00A0C91BC942}") = "sfml-network", "dependencies\sfml\src\SFML\Network\sfml-network.vcxproj", "{85DD96A4-8812-35FE-8C72-B0A822301870}"
EndProject
Project("{8BC9CEB8-8B4A-11D0-8D11-00A0C91BC942}") = "sfml-system", "dependencies\sfml\src\SFML\System\sfml-system.vcxproj", "{982ECB3E-97CA-3CEF-B5B3-A5D24584E05B}"
EndProject
Project("{8BC9CEB8-8B4A-11D0-8D11-00A0C91BC942}") = "sfml-window", "dependencies\sfml\src\SFML\Window\sfml-window.vcxproj", "{00219901-69BF-35DB-B6D7-597D33DA2EBE}"
EndProject
Global
	GlobalSection(SolutionConfigurationPlatforms) = preSolution
		Debug|x64 = Debug|x64
		Debug|x86 = Debug|x86
		MinSizeRel|x64 = MinSizeRel|x64
		MinSizeRel|x86 = MinSizeRel|x86
		Release|x64 = Release|x64
		Release|x86 = Release|x86
		RelWithDebInfo|x64 = RelWithDebInfo|x64
		RelWithDebInfo|x86 = RelWithDebInfo|x86
	EndGlobalSection
	GlobalSection(ProjectConfigurationPlatforms) = postSolution
		{AF0D331C-A6C2-49DB-A6E6-6E6402F4E279}.Debug|x64.ActiveCfg = Debug|x64
		{AF0D331C-A6C2-49DB-A6E6-6E6402F4E279}.Debug|x64.Build.0 = Debug|x64
		{AF0D331C-A6C2-49DB-A6E6-6E6402F4E279}.Debug|x86.ActiveCfg = Debug|Win32
		{AF0D331C-A6C2-49DB-A6E6-6E6402F4E279}.Debug|x86.Build.0 = Debug|Win32
		{AF0D331C-A6C2-49DB-A6E6-6E6402F4E279}.MinSizeRel|x64.ActiveCfg = Release|x64
		{AF0D331C-A6C2-49DB-A6E6-6E6402F4E279}.MinSizeRel|x64.Build.0 = Release|x64
		{AF0D331C-A6C2-49DB-A6E6-6E6402F4E279}.MinSizeRel|x86.ActiveCfg = Release|Win32
		{AF0D331C-A6C2-49DB-A6E6-6E6402F4E279}.MinSizeRel|x86.Build.0 = Release|Win32
		{AF0D331C-A6C2-49DB-A6E6-6E6402F4E279}.Release|x64.ActiveCfg = Release|x64
		{AF0D331C-A6C2-49DB-A6E6-6E6402F4E279}.Release|x64.Build.0 = Release|x64
		{AF0D331C-A6C2-49DB-A6E6-6E6402F4E279}.Release|x86.ActiveCfg = Release|Win32
		{AF0D331C-A6C2-49DB-A6E6-6E6402F4E279}.Release|x86.Build.0 = Release|Win32
		{AF0D331C-A6C2-49DB-A6E6-6E6402F4E279}.RelWithDebInfo|x64.ActiveCfg = Release|x64
		{AF0D331C-A6C2-49DB-A6E6-6E6402F4E279}.RelWithDebInfo|x64.Build.0 = Release|x64
		{AF0D331C-A6C2-49DB-A6E6-6E6402F4E279}.RelWithDebInfo|x86.ActiveCfg = Release|Win32
		{AF0D331C-A6C2-49DB-A6E6-6E6402F4E279}.RelWithDebInfo|x86.Build.0 = Release|Win32
		{E400FE86-C714-3582-8F87-C09891350C50}.Debug|x64.ActiveCfg = Debug|Win32
		{E400FE86-C714-3582-8F87-C09891350C50}.Debug|x86.ActiveCfg = Debug|Win32
		{E400FE86-C714-3582-8F87-C09891350C50}.Debug|x86.Build.0 = Debug|Win32
		{E400FE86-C714-3582-8F87-C09891350C50}.MinSizeRel|x64.ActiveCfg = MinSizeRel|Win32
		{E400FE86-C714-3582-8F87-C09891350C50}.MinSizeRel|x86.ActiveCfg = MinSizeRel|Win32
		{E400FE86-C714-3582-8F87-C09891350C50}.MinSizeRel|x86.Build.0 = MinSizeRel|Win32
		{E400FE86-C714-3582-8F87-C09891350C50}.Release|x64.ActiveCfg = Release|Win32
		{E400FE86-C714-3582-8F87-C09891350C50}.Release|x86.ActiveCfg = Release|Win32
		{E400FE86-C714-3582-8F87-C09891350C50}.Release|x86.Build.0 = Release|Win32
		{E400FE86-C714-3582-8F87-C09891350C50}.RelWithDebInfo|x64.ActiveCfg = RelWithDebInfo|Win32
		{E400FE86-C714-3582-8F87-C09891350C50}.RelWithDebInfo|x86.ActiveCfg = RelWithDebInfo|Win32
		{E400FE86-C714-3582-8F87-C09891350C50}.RelWithDebInfo|x86.Build.0 = RelWithDebInfo|Win32
		{29A0B7BA-AC99-3CDD-9831-04CFC1E28C58}.Debug|x64.ActiveCfg = Debug|Win32
		{29A0B7BA-AC99-3CDD-9831-04CFC1E28C58}.Debug|x86.ActiveCfg = Debug|Win32
		{29A0B7BA-AC99-3CDD-9831-04CFC1E28C58}.Debug|x86.Build.0 = Debug|Win32
		{29A0B7BA-AC99-3CDD-9831-04CFC1E28C58}.MinSizeRel|x64.ActiveCfg = MinSizeRel|Win32
		{29A0B7BA-AC99-3CDD-9831-04CFC1E28C58}.MinSizeRel|x86.ActiveCfg = MinSizeRel|Win32
		{29A0B7BA-AC99-3CDD-9831-04CFC1E28C58}.MinSizeRel|x86.Build.0 = MinSizeRel|Win32
		{29A0B7BA-AC99-3CDD-9831-04CFC1E28C58}.Release|x64.ActiveCfg = Release|Win32
		{29A0B7BA-AC99-3CDD-9831-04CFC1E28C58}.Release|x86.ActiveCfg = Release|Win32
		{29A0B7BA-AC99-3CDD-9831-04CFC1E28C58}.Release|x86.Build.0 = Release|Win32
		{29A0B7BA-AC99-3CDD-9831-04CFC1E28C58}.RelWithDebInfo|x64.ActiveCfg = RelWithDebInfo|Win32
		{29A0B7BA-AC99-3CDD-9831-04CFC1E28C58}.RelWithDebInfo|x86.ActiveCfg = RelWithDebInfo|Win32
		{29A0B7BA-AC99-3CDD-9831-04CFC1E28C58}.RelWithDebInfo|x86.Build.0 = RelWithDebInfo|Win32
		{85DD96A4-8812-35FE-8C72-B0A822301870}.Debug|x64.ActiveCfg = Debug|Win32
		{85DD96A4-8812-35FE-8C72-B0A822301870}.Debug|x86.ActiveCfg = Debug|Win32
		{85DD96A4-8812-35FE-8C72-B0A822301870}.Debug|x86.Build.0 = Debug|Win32
		{85DD96A4-8812-35FE-8C72-B0A822301870}.MinSizeRel|x64.ActiveCfg = MinSizeRel|Win32
		{85DD96A4-8812-35FE-8C72-B0A822301870}.MinSizeRel|x86.ActiveCfg = MinSizeRel|Win32
		{85DD96A4-8812-35FE-8C72-B0A822301870}.MinSizeRel|x86.Build.0 = MinSizeRel|Win32
		{85DD96A4-8812-35FE-8C72-B0A822301870}.Release|x64.ActiveCfg = Release|Win32
		{85DD96A4-8812-35FE-8C72-B0A822301870}.Release|x86.ActiveCfg = Release|Win32
		{85DD96A4-8812-35FE-8C72-B0A822301870}.Release|x86.Build.0 = Release|Win32
		{85DD96A4-8812-35FE-8C72-B0A822301870}.RelWithDebInfo|x64.ActiveCfg = RelWithDebInfo|Win32
		{85DD96A4-8812-35FE-8C72-B0A822301870}.RelWithDebInfo|x86.ActiveCfg = RelWithDebInfo|Win32
		{85DD96A4-8812-35FE-8C72-B0A822301870}.RelWithDebInfo|x86.Build.0 = RelWithDebInfo|Win32
		{982ECB3E-97CA-3CEF-B5B3-A5D24584E05B}.Debug|x64.ActiveCfg = Debug|Win32
		{982ECB3E-97CA-3CEF-B5B3-A5D24584E05B}.Debug|x86.ActiveCfg = Debug|Win32
		{982ECB3E-97CA-3CEF-B5B3-A5D24584E05B}.Debug|x86.Build.0 = Debug|Win32
		{982ECB3E-97CA-3CEF-B5B3-A5D24584E05B}.MinSizeRel|x64.ActiveCfg = MinSizeRel|Win32
		{982ECB3E-97CA-3CEF-B5B3-A5D24584E05B}.MinSizeRel|x86.ActiveCfg = MinSizeRel|Win32
		{982ECB3E-97CA-3CEF-B5B3-A5D24584E05B}.MinSizeRel|x86.Build.0 = MinSizeRel|Win32
		{982ECB3E-97CA-3CEF-B5B3-A5D24584E05B}.Release|x64.ActiveCfg = Release|Win32
		{982ECB3E-97CA-3CEF-B5B3-A5D24584E05B}.Release|x86.ActiveCfg = Release|Win32
		{982ECB3E-97CA-3CEF-B5B3-A5D24584E05B}.Release|x86.Build.0 = Release|Win32
		{982ECB3E-97CA-3CEF-B5B3-A5D24584E05B}.RelWithDebInfo|x64.ActiveCfg = RelWithDebInfo|Win32
		{982ECB3E-97CA-3CEF-B5B3-A5D24584E05B}.RelWithDebInfo|x86.ActiveCfg = RelWithDebInfo|Win32
		{982ECB3E-97CA-3CEF-B5B3-A5D24584E05B}.RelWithDebInfo|x86.Build.0 = RelWithDebInfo|Win32
		{00219901-69BF-35DB-B6D7-597D33DA2EBE}.Debug|x64.ActiveCfg = Debug|Win32
		{00219901-69BF-35DB-B6D7-597D33DA2EBE}.Debug|x86.ActiveCfg = Debug|Win32
		{00219901-69BF-35DB-B6D7-597D33DA2EBE}.Debug|x86.Build.0 = Debug|Win32
		{00219901-69BF-35DB-B6D7-597D33DA2EBE}.MinSizeRel|x64.ActiveCfg = MinSizeRel|Win32
		{00219901-69BF-35DB-B6D7-597D33DA2EBE}.MinSizeRel|x86.ActiveCfg = MinSizeRel|Win32
		{00219901-69BF-35DB-B6D7-597D33DA2EBE}.MinSizeRel|x86.Build.0 = MinSizeRel|Win32
		{00219901-69BF-35DB-B6D7-597D33DA2EBE}.Release|x64.ActiveCfg = Release|Win32
		{00219901-69BF-35DB-B6D7-597D33DA2EBE}.Release|x86.ActiveCfg = Release|Win32
		{00219901-69BF-35DB-B6D7-597D33DA2EBE}.Release|x86.Build.0 = Release|Win32
		{00219901-69BF-35DB-B6D7-597D33DA2EBE}.RelWithDebInfo|x64.ActiveCfg = RelWithDebInfo|Win32
		{00219901-69BF-35DB-B6D7-597D33DA2EBE}.RelWithDebInfo|x86.ActiveCfg = RelWithDebInfo|Win32
		{00219901-69BF-35DB-B6D7-597D33DA2EBE}.RelWithDebInfo|x86.Build.0 = RelWithDebInfo|Win32
	EndGlobalSection
	GlobalSection(SolutionProperties) = preSolution
		HideSolutionNode = FALSE
	EndGlobalSection
	GlobalSection(NestedProjects) = preSolution
		{E400FE86-C714-3582-8F87-C09891350C50} = {E47182C4-6FC2-4D61-84A7-64E7DCDA8B60}
		{E47182C4-6FC2-4D61-84A7-64E7DCDA8B60} = {B239342B-70BD-40A6-B235-D585ACAD45E3}
		{29A0B7BA-AC99-3CDD-9831-04CFC1E28C58} = {E47182C4-6FC2-4D61-84A7-64E7DCDA8B60}
		{85DD96A4-8812-35FE-8C72-B0A822301870} = {E47182C4-6FC2-4D61-84A7-64E7DCDA8B60}
		{982ECB3E-97CA-3CEF-B5B3-A5D24584E05B} = {E47182C4-6FC2-4D61-84A7-64E7DCDA8B60}
		{00219901-69BF-35DB-B6D7-597D33DA2EBE} = {E47182C4-6FC2-4D61-84A7-64E7DCDA8B60}
	EndGlobalSection
EndGlobal
